{
  "version": 4,
  "terraform_version": "1.10.5",
  "serial": 20,
  "lineage": "30f575ec-589a-38a6-5a84-0aa91f6b19b6",
  "outputs": {},
  "resources": [
    {
      "mode": "managed",
      "type": "argocd_application",
      "name": "helm",
      "provider": "provider[\"registry.terraform.io/oboukili/argocd\"]",
      "instances": [
        {
          "schema_version": 4,
          "attributes": {
            "cascade": true,
            "id": "nginx-helm-chart-dev:argocd",
            "metadata": [
              {
                "annotations": {
                  "notifications.argoproj.io/subscribe.on-sync-succeeded": "jenkins-e2e-webhook"
                },
                "generation": 1,
                "labels": {
                  "env": "dev"
                },
                "name": "nginx-helm-chart-dev",
                "namespace": "argocd",
                "resource_version": "130203",
                "uid": "3fa16c01-aea3-4d08-bbb0-ec36d7e0eaa7"
              }
            ],
            "spec": [
              {
                "destination": [
                  {
                    "name": "",
                    "namespace": "helm",
                    "server": "https://kubernetes.default.svc"
                  }
                ],
                "ignore_difference": [],
                "info": [],
                "project": "default",
                "revision_history_limit": 10,
                "source": [
                  {
                    "chart": "",
                    "directory": [],
                    "helm": [
                      {
                        "file_parameter": [],
                        "ignore_missing_value_files": false,
                        "parameter": [],
                        "pass_credentials": false,
                        "release_name": "testing",
                        "skip_crds": false,
                        "value_files": [
                          "environments/dev/values.yaml"
                        ],
                        "values": "",
                        "version": ""
                      }
                    ],
                    "kustomize": [],
                    "path": "nginx-helm-chart",
                    "plugin": [],
                    "ref": "",
                    "repo_url": "https://github.com/tdonaldson231/kubernetes-argocd-demo.git",
                    "target_revision": "helm-charts-nginx"
                  }
                ],
                "sync_policy": [
                  {
                    "automated": [
                      {
                        "allow_empty": null,
                        "prune": true,
                        "self_heal": true
                      }
                    ],
                    "managed_namespace_metadata": [],
                    "retry": [],
                    "sync_options": null
                  }
                ]
              }
            ],
            "status": [
              {
                "conditions": [],
                "health": [
                  {
                    "message": "",
                    "status": ""
                  }
                ],
                "operation_state": [],
                "reconciled_at": "",
                "resources": [],
                "summary": [
                  {
                    "external_urls": [],
                    "images": []
                  }
                ],
                "sync": [
                  {
                    "revision": "",
                    "revisions": [],
                    "status": ""
                  }
                ]
              }
            ],
            "timeouts": null,
            "validate": true,
            "wait": false
          },
          "sensitive_attributes": [],
          "private": "eyJlMmJmYjczMC1lY2FhLTExZTYtOGY4OC0zNDM2M2JjN2M0YzAiOnsiY3JlYXRlIjozMDAwMDAwMDAwMDAsImRlbGV0ZSI6MzAwMDAwMDAwMDAwLCJ1cGRhdGUiOjMwMDAwMDAwMDAwMH0sInNjaGVtYV92ZXJzaW9uIjoiNCJ9"
        }
      ]
    }
  ],
  "check_results": null
}
